
Microsoft Visual Studio Solution File, Format Version 12.00
# Visual Studio Version 17
VisualStudioVersion = 17.3.32819.101
MinimumVisualStudioVersion = 10.0.40219.1
Project("{FAE04EC0-301F-11D3-BF4B-00C04F79EFBC}") = "proyecto-taller-alto-nivel", "proyecto-taller-alto-nivel\proyecto-taller-alto-nivel.csproj", "{93B6AD28-4F14-4FC1-A210-1BFE6B668161}"
EndProject
Global
	GlobalSection(SolutionConfigurationPlatforms) = preSolution
		Debug|Any CPU = Debug|Any CPU
		Release|Any CPU = Release|Any CPU
	EndGlobalSection
	GlobalSection(ProjectConfigurationPlatforms) = postSolution
		{93B6AD28-4F14-4FC1-A210-1BFE6B668161}.Debug|Any CPU.ActiveCfg = Debug|Any CPU
		{93B6AD28-4F14-4FC1-A210-1BFE6B668161}.Debug|Any CPU.Build.0 = Debug|Any CPU
		{93B6AD28-4F14-4FC1-A210-1BFE6B668161}.Release|Any CPU.ActiveCfg = Release|Any CPU
		{93B6AD28-4F14-4FC1-A210-1BFE6B668161}.Release|Any CPU.Build.0 = Release|Any CPU
	EndGlobalSection
	GlobalSection(SolutionProperties) = preSolution
		HideSolutionNode = FALSE
	EndGlobalSection
	GlobalSection(ExtensibilityGlobals) = postSolution
		SolutionGuid = {633E1F05-42A7-447E-B597-40F871D830AB}
	EndGlobalSection
EndGlobal
